
Microsoft Visual Studio Solution File, Format Version 12.00
# Visual Studio 14
VisualStudioVersion = 14.0.25420.1
MinimumVisualStudioVersion = 10.0.40219.1
Project("{FAE04EC0-301F-11D3-BF4B-00C04F79EFBC}") = "Camara en Web", "Camara en Web\Camara en Web.csproj", "{CC26595F-E43F-4406-9BFA-D1DA939C9057}"
EndProject
Project("{FAE04EC0-301F-11D3-BF4B-00C04F79EFBC}") = "DataAccess", "DataAccess\DataAccess.csproj", "{20659433-11F1-493D-9E9C-9ED0C4269009}"
EndProject
Project("{FAE04EC0-301F-11D3-BF4B-00C04F79EFBC}") = "Controller", "Controller\Controller.csproj", "{76669414-3BAB-402A-998A-9395A8D1A58B}"
EndProject
Global
	GlobalSection(SolutionConfigurationPlatforms) = preSolution
		Debug|Any CPU = Debug|Any CPU
		Release|Any CPU = Release|Any CPU
	EndGlobalSection
	GlobalSection(ProjectConfigurationPlatforms) = postSolution
		{CC26595F-E43F-4406-9BFA-D1DA939C9057}.Debug|Any CPU.ActiveCfg = Debug|Any CPU
		{CC26595F-E43F-4406-9BFA-D1DA939C9057}.Debug|Any CPU.Build.0 = Debug|Any CPU
		{CC26595F-E43F-4406-9BFA-D1DA939C9057}.Release|Any CPU.ActiveCfg = Release|Any CPU
		{CC26595F-E43F-4406-9BFA-D1DA939C9057}.Release|Any CPU.Build.0 = Release|Any CPU
		{20659433-11F1-493D-9E9C-9ED0C4269009}.Debug|Any CPU.ActiveCfg = Debug|Any CPU
		{20659433-11F1-493D-9E9C-9ED0C4269009}.Debug|Any CPU.Build.0 = Debug|Any CPU
		{20659433-11F1-493D-9E9C-9ED0C4269009}.Release|Any CPU.ActiveCfg = Release|Any CPU
		{20659433-11F1-493D-9E9C-9ED0C4269009}.Release|Any CPU.Build.0 = Release|Any CPU
		{76669414-3BAB-402A-998A-9395A8D1A58B}.Debug|Any CPU.ActiveCfg = Debug|Any CPU
		{76669414-3BAB-402A-998A-9395A8D1A58B}.Debug|Any CPU.Build.0 = Debug|Any CPU
		{76669414-3BAB-402A-998A-9395A8D1A58B}.Release|Any CPU.ActiveCfg = Release|Any CPU
		{76669414-3BAB-402A-998A-9395A8D1A58B}.Release|Any CPU.Build.0 = Release|Any CPU
	EndGlobalSection
	GlobalSection(SolutionProperties) = preSolution
		HideSolutionNode = FALSE
	EndGlobalSection
EndGlobal
