
Microsoft Visual Studio Solution File, Format Version 12.00
# Visual Studio 14
VisualStudioVersion = 14.0.25420.1
MinimumVisualStudioVersion = 10.0.40219.1
Project("{FAE04EC0-301F-11D3-BF4B-00C04F79EFBC}") = "Delegados", "Delegados\Delegados.csproj", "{6D914D63-DEEE-42EB-957A-0267EABD9F23}"
EndProject
Project("{FAE04EC0-301F-11D3-BF4B-00C04F79EFBC}") = "Delegados y Eventos", "..\Delegados y Eventos\Delegados y Eventos.csproj", "{03219771-7BC5-475F-BD0C-DC893665284F}"
EndProject
Project("{FAE04EC0-301F-11D3-BF4B-00C04F79EFBC}") = "Delegados Handlers Eventos", "Delegados Handlers Eventos\Delegados Handlers Eventos.csproj", "{89413CFD-1C22-4BAF-B003-34B558F2D107}"
EndProject
Global
	GlobalSection(SolutionConfigurationPlatforms) = preSolution
		Debug|Any CPU = Debug|Any CPU
		Release|Any CPU = Release|Any CPU
	EndGlobalSection
	GlobalSection(ProjectConfigurationPlatforms) = postSolution
		{6D914D63-DEEE-42EB-957A-0267EABD9F23}.Debug|Any CPU.ActiveCfg = Debug|Any CPU
		{6D914D63-DEEE-42EB-957A-0267EABD9F23}.Debug|Any CPU.Build.0 = Debug|Any CPU
		{6D914D63-DEEE-42EB-957A-0267EABD9F23}.Release|Any CPU.ActiveCfg = Release|Any CPU
		{6D914D63-DEEE-42EB-957A-0267EABD9F23}.Release|Any CPU.Build.0 = Release|Any CPU
		{03219771-7BC5-475F-BD0C-DC893665284F}.Debug|Any CPU.ActiveCfg = Debug|Any CPU
		{03219771-7BC5-475F-BD0C-DC893665284F}.Debug|Any CPU.Build.0 = Debug|Any CPU
		{03219771-7BC5-475F-BD0C-DC893665284F}.Release|Any CPU.ActiveCfg = Release|Any CPU
		{03219771-7BC5-475F-BD0C-DC893665284F}.Release|Any CPU.Build.0 = Release|Any CPU
		{89413CFD-1C22-4BAF-B003-34B558F2D107}.Debug|Any CPU.ActiveCfg = Debug|Any CPU
		{89413CFD-1C22-4BAF-B003-34B558F2D107}.Debug|Any CPU.Build.0 = Debug|Any CPU
		{89413CFD-1C22-4BAF-B003-34B558F2D107}.Release|Any CPU.ActiveCfg = Release|Any CPU
		{89413CFD-1C22-4BAF-B003-34B558F2D107}.Release|Any CPU.Build.0 = Release|Any CPU
	EndGlobalSection
	GlobalSection(SolutionProperties) = preSolution
		HideSolutionNode = FALSE
	EndGlobalSection
EndGlobal
